// !$*UTF8*$!
{
	archiveVersion = 1;
	classes = {
	};
	objectVersion = 46;
	objects = {

/* Begin PBXBuildFile section */
		A3A14F081BA5E7B50041D71D /* AppDelegate.swift in Sources */ = {isa = PBXBuildFile; fileRef = A3A14F071BA5E7B50041D71D /* AppDelegate.swift */; };
		A3A14F0B1BA5E7B50041D71D /* AndroidScroll.xcdatamodeld in Sources */ = {isa = PBXBuildFile; fileRef = A3A14F091BA5E7B50041D71D /* AndroidScroll.xcdatamodeld */; };
		A3A14F0D1BA5E7B50041D71D /* ViewController.swift in Sources */ = {isa = PBXBuildFile; fileRef = A3A14F0C1BA5E7B50041D71D /* ViewController.swift */; };
		A3A14F101BA5E7B50041D71D /* Main.storyboard in Resources */ = {isa = PBXBuildFile; fileRef = A3A14F0E1BA5E7B50041D71D /* Main.storyboard */; };
		A3A14F121BA5E7B50041D71D /* Images.xcassets in Resources */ = {isa = PBXBuildFile; fileRef = A3A14F111BA5E7B50041D71D /* Images.xcassets */; };
		A3A14F151BA5E7B50041D71D /* LaunchScreen.xib in Resources */ = {isa = PBXBuildFile; fileRef = A3A14F131BA5E7B50041D71D /* LaunchScreen.xib */; };
		A3A14F211BA5E7B50041D71D /* AndroidScrollTests.swift in Sources */ = {isa = PBXBuildFile; fileRef = A3A14F201BA5E7B50041D71D /* AndroidScrollTests.swift */; };
		A3A14F2B1BA5E8260041D71D /* AndroidScroll.swift in Sources */ = {isa = PBXBuildFile; fileRef = A3A14F2A1BA5E8260041D71D /* AndroidScroll.swift */; };
		A3A14F2E1BA5E8680041D71D /* AndroidScrollCell.swift in Sources */ = {isa = PBXBuildFile; fileRef = A3A14F2D1BA5E8680041D71D /* AndroidScrollCell.swift */; };
/* End PBXBuildFile section */

/* Begin PBXContainerItemProxy section */
		A3A14F1B1BA5E7B50041D71D /* PBXContainerItemProxy */ = {
			isa = PBXContainerItemProxy;
			containerPortal = A3A14EFA1BA5E7B50041D71D /* Project object */;
			proxyType = 1;
			remoteGlobalIDString = A3A14F011BA5E7B50041D71D;
			remoteInfo = AndroidScroll;
		};
/* End PBXContainerItemProxy section */

/* Begin PBXFileReference section */
		A3A14F021BA5E7B50041D71D /* AndroidScroll.app */ = {isa = PBXFileReference; explicitFileType = wrapper.application; includeInIndex = 0; path = AndroidScroll.app; sourceTree = BUILT_PRODUCTS_DIR; };
		A3A14F061BA5E7B50041D71D /* Info.plist */ = {isa = PBXFileReference; lastKnownFileType = text.plist.xml; path = Info.plist; sourceTree = "<group>"; };
		A3A14F071BA5E7B50041D71D /* AppDelegate.swift */ = {isa = PBXFileReference; lastKnownFileType = sourcecode.swift; path = AppDelegate.swift; sourceTree = "<group>"; };
		A3A14F0A1BA5E7B50041D71D /* AndroidScroll.xcdatamodel */ = {isa = PBXFileReference; lastKnownFileType = wrapper.xcdatamodel; path = AndroidScroll.xcdatamodel; sourceTree = "<group>"; };
		A3A14F0C1BA5E7B50041D71D /* ViewController.swift */ = {isa = PBXFileReference; lastKnownFileType = sourcecode.swift; path = ViewController.swift; sourceTree = "<group>"; };
		A3A14F0F1BA5E7B50041D71D /* Base */ = {isa = PBXFileReference; lastKnownFileType = file.storyboard; name = Base; path = Base.lproj/Main.storyboard; sourceTree = "<group>"; };
		A3A14F111BA5E7B50041D71D /* Images.xcassets */ = {isa = PBXFileReference; lastKnownFileType = folder.assetcatalog; path = Images.xcassets; sourceTree = "<group>"; };
		A3A14F141BA5E7B50041D71D /* Base */ = {isa = PBXFileReference; lastKnownFileType = file.xib; name = Base; path = Base.lproj/LaunchScreen.xib; sourceTree = "<group>"; };
		A3A14F1A1BA5E7B50041D71D /* AndroidScrollTests.xctest */ = {isa = PBXFileReference; explicitFileType = wrapper.cfbundle; includeInIndex = 0; path = AndroidScrollTests.xctest; sourceTree = BUILT_PRODUCTS_DIR; };
		A3A14F1F1BA5E7B50041D71D /* Info.plist */ = {isa = PBXFileReference; lastKnownFileType = text.plist.xml; path = Info.plist; sourceTree = "<group>"; };
		A3A14F201BA5E7B50041D71D /* AndroidScrollTests.swift */ = {isa = PBXFileReference; lastKnownFileType = sourcecode.swift; path = AndroidScrollTests.swift; sourceTree = "<group>"; };
		A3A14F2A1BA5E8260041D71D /* AndroidScroll.swift */ = {isa = PBXFileReference; fileEncoding = 4; lastKnownFileType = sourcecode.swift; path = AndroidScroll.swift; sourceTree = "<group>"; };
		A3A14F2D1BA5E8680041D71D /* AndroidScrollCell.swift */ = {isa = PBXFileReference; fileEncoding = 4; lastKnownFileType = sourcecode.swift; path = AndroidScrollCell.swift; sourceTree = "<group>"; };
/* End PBXFileReference section */

/* Begin PBXFrameworksBuildPhase section */
		A3A14EFF1BA5E7B50041D71D /* Frameworks */ = {
			isa = PBXFrameworksBuildPhase;
			buildActionMask = 2147483647;
			files = (
			);
			runOnlyForDeploymentPostprocessing = 0;
		};
		A3A14F171BA5E7B50041D71D /* Frameworks */ = {
			isa = PBXFrameworksBuildPhase;
			buildActionMask = 2147483647;
			files = (
			);
			runOnlyForDeploymentPostprocessing = 0;
		};
/* End PBXFrameworksBuildPhase section */

/* Begin PBXGroup section */
		A3A14EF91BA5E7B50041D71D = {
			isa = PBXGroup;
			children = (
				A3A14F041BA5E7B50041D71D /* AndroidScroll */,
				A3A14F1D1BA5E7B50041D71D /* AndroidScrollTests */,
				A3A14F031BA5E7B50041D71D /* Products */,
			);
			sourceTree = "<group>";
		};
		A3A14F031BA5E7B50041D71D /* Products */ = {
			isa = PBXGroup;
			children = (
				A3A14F021BA5E7B50041D71D /* AndroidScroll.app */,
				A3A14F1A1BA5E7B50041D71D /* AndroidScrollTests.xctest */,
			);
			name = Products;
			sourceTree = "<group>";
		};
		A3A14F041BA5E7B50041D71D /* AndroidScroll */ = {
			isa = PBXGroup;
			children = (
				A3A14F2C1BA5E82B0041D71D /* Scroll */,
				A3A14F071BA5E7B50041D71D /* AppDelegate.swift */,
				A3A14F0C1BA5E7B50041D71D /* ViewController.swift */,
				A3A14F0E1BA5E7B50041D71D /* Main.storyboard */,
				A3A14F111BA5E7B50041D71D /* Images.xcassets */,
				A3A14F131BA5E7B50041D71D /* LaunchScreen.xib */,
				A3A14F091BA5E7B50041D71D /* AndroidScroll.xcdatamodeld */,
				A3A14F051BA5E7B50041D71D /* Supporting Files */,
			);
			path = AndroidScroll;
			sourceTree = "<group>";
		};
		A3A14F051BA5E7B50041D71D /* Supporting Files */ = {
			isa = PBXGroup;
			children = (
				A3A14F061BA5E7B50041D71D /* Info.plist */,
			);
			name = "Supporting Files";
			sourceTree = "<group>";
		};
		A3A14F1D1BA5E7B50041D71D /* AndroidScrollTests */ = {
			isa = PBXGroup;
			children = (
				A3A14F201BA5E7B50041D71D /* AndroidScrollTests.swift */,
				A3A14F1E1BA5E7B50041D71D /* Supporting Files */,
			);
			path = AndroidScrollTests;
			sourceTree = "<group>";
		};
		A3A14F1E1BA5E7B50041D71D /* Supporting Files */ = {
			isa = PBXGroup;
			children = (
				A3A14F1F1BA5E7B50041D71D /* Info.plist */,
			);
			name = "Supporting Files";
			sourceTree = "<group>";
		};
		A3A14F2C1BA5E82B0041D71D /* Scroll */ = {
			isa = PBXGroup;
			children = (
				A3A14F2A1BA5E8260041D71D /* AndroidScroll.swift */,
				A3A14F2D1BA5E8680041D71D /* AndroidScrollCell.swift */,
			);
			name = Scroll;
			sourceTree = "<group>";
		};
/* End PBXGroup section */

/* Begin PBXNativeTarget section */
		A3A14F011BA5E7B50041D71D /* AndroidScroll */ = {
			isa = PBXNativeTarget;
			buildConfigurationList = A3A14F241BA5E7B50041D71D /* Build configuration list for PBXNativeTarget "AndroidScroll" */;
			buildPhases = (
				A3A14EFE1BA5E7B50041D71D /* Sources */,
				A3A14EFF1BA5E7B50041D71D /* Frameworks */,
				A3A14F001BA5E7B50041D71D /* Resources */,
			);
			buildRules = (
			);
			dependencies = (
			);
			name = AndroidScroll;
			productName = AndroidScroll;
			productReference = A3A14F021BA5E7B50041D71D /* AndroidScroll.app */;
			productType = "com.apple.product-type.application";
		};
		A3A14F191BA5E7B50041D71D /* AndroidScrollTests */ = {
			isa = PBXNativeTarget;
			buildConfigurationList = A3A14F271BA5E7B50041D71D /* Build configuration list for PBXNativeTarget "AndroidScrollTests" */;
			buildPhases = (
				A3A14F161BA5E7B50041D71D /* Sources */,
				A3A14F171BA5E7B50041D71D /* Frameworks */,
				A3A14F181BA5E7B50041D71D /* Resources */,
			);
			buildRules = (
			);
			dependencies = (
				A3A14F1C1BA5E7B50041D71D /* PBXTargetDependency */,
			);
			name = AndroidScrollTests;
			productName = AndroidScrollTests;
			productReference = A3A14F1A1BA5E7B50041D71D /* AndroidScrollTests.xctest */;
			productType = "com.apple.product-type.bundle.unit-test";
		};
/* End PBXNativeTarget section */

/* Begin PBXProject section */
		A3A14EFA1BA5E7B50041D71D /* Project object */ = {
			isa = PBXProject;
			attributes = {
				LastUpgradeCheck = 0640;
				ORGANIZATIONNAME = "aybek can kaya";
				TargetAttributes = {
					A3A14F011BA5E7B50041D71D = {
						CreatedOnToolsVersion = 6.4;
						DevelopmentTeam = 8FMTT8DQ4W;
					};
					A3A14F191BA5E7B50041D71D = {
						CreatedOnToolsVersion = 6.4;
						TestTargetID = A3A14F011BA5E7B50041D71D;
					};
				};
			};
			buildConfigurationList = A3A14EFD1BA5E7B50041D71D /* Build configuration list for PBXProject "AndroidScroll" */;
			compatibilityVersion = "Xcode 3.2";
			developmentRegion = English;
			hasScannedForEncodings = 0;
			knownRegions = (
				en,
				Base,
			);
			mainGroup = A3A14EF91BA5E7B50041D71D;
			productRefGroup = A3A14F031BA5E7B50041D71D /* Products */;
			projectDirPath = "";
			projectRoot = "";
			targets = (
				A3A14F011BA5E7B50041D71D /* AndroidScroll */,
				A3A14F191BA5E7B50041D71D /* AndroidScrollTests */,
			);
		};
/* End PBXProject section */

/* Begin PBXResourcesBuildPhase section */
		A3A14F001BA5E7B50041D71D /* Resources */ = {
			isa = PBXResourcesBuildPhase;
			buildActionMask = 2147483647;
			files = (
				A3A14F101BA5E7B50041D71D /* Main.storyboard in Resources */,
				A3A14F151BA5E7B50041D71D /* LaunchScreen.xib in Resources */,
				A3A14F121BA5E7B50041D71D /* Images.xcassets in Resources */,
			);
			runOnlyForDeploymentPostprocessing = 0;
		};
		A3A14F181BA5E7B50041D71D /* Resources */ = {
			isa = PBXResourcesBuildPhase;
			buildActionMask = 2147483647;
			files = (
			);
			runOnlyForDeploymentPostprocessing = 0;
		};
/* End PBXResourcesBuildPhase section */

/* Begin PBXSourcesBuildPhase section */
		A3A14EFE1BA5E7B50041D71D /* Sources */ = {
			isa = PBXSourcesBuildPhase;
			buildActionMask = 2147483647;
			files = (
				A3A14F0D1BA5E7B50041D71D /* ViewController.swift in Sources */,
				A3A14F0B1BA5E7B50041D71D /* AndroidScroll.xcdatamodeld in Sources */,
				A3A14F2B1BA5E8260041D71D /* AndroidScroll.swift in Sources */,
				A3A14F2E1BA5E8680041D71D /* AndroidScrollCell.swift in Sources */,
				A3A14F081BA5E7B50041D71D /* AppDelegate.swift in Sources */,
			);
			runOnlyForDeploymentPostprocessing = 0;
		};
		A3A14F161BA5E7B50041D71D /* Sources */ = {
			isa = PBXSourcesBuildPhase;
			buildActionMask = 2147483647;
			files = (
				A3A14F211BA5E7B50041D71D /* AndroidScrollTests.swift in Sources */,
			);
			runOnlyForDeploymentPostprocessing = 0;
		};
/* End PBXSourcesBuildPhase section */

/* Begin PBXTargetDependency section */
		A3A14F1C1BA5E7B50041D71D /* PBXTargetDependency */ = {
			isa = PBXTargetDependency;
			target = A3A14F011BA5E7B50041D71D /* AndroidScroll */;
			targetProxy = A3A14F1B1BA5E7B50041D71D /* PBXContainerItemProxy */;
		};
/* End PBXTargetDependency section */

/* Begin PBXVariantGroup section */
		A3A14F0E1BA5E7B50041D71D /* Main.storyboard */ = {
			isa = PBXVariantGroup;
			children = (
				A3A14F0F1BA5E7B50041D71D /* Base */,
			);
			name = Main.storyboard;
			sourceTree = "<group>";
		};
		A3A14F131BA5E7B50041D71D /* LaunchScreen.xib */ = {
			isa = PBXVariantGroup;
			children = (
				A3A14F141BA5E7B50041D71D /* Base */,
			);
			name = LaunchScreen.xib;
			sourceTree = "<group>";
		};
/* End PBXVariantGroup section */

/* Begin XCBuildConfiguration section */
		A3A14F221BA5E7B50041D71D /* Debug */ = {
			isa = XCBuildConfiguration;
			buildSettings = {
				ALWAYS_SEARCH_USER_PATHS = NO;
				CLANG_CXX_LANGUAGE_STANDARD = "gnu++0x";
				CLANG_CXX_LIBRARY = "libc++";
				CLANG_ENABLE_MODULES = YES;
				CLANG_ENABLE_OBJC_ARC = YES;
				CLANG_WARN_BOOL_CONVERSION = YES;
				CLANG_WARN_CONSTANT_CONVERSION = YES;
				CLANG_WARN_DIRECT_OBJC_ISA_USAGE = YES_ERROR;
				CLANG_WARN_EMPTY_BODY = YES;
				CLANG_WARN_ENUM_CONVERSION = YES;
				CLANG_WARN_INT_CONVERSION = YES;
				CLANG_WARN_OBJC_ROOT_CLASS = YES_ERROR;
				CLANG_WARN_UNREACHABLE_CODE = YES;
				CLANG_WARN__DUPLICATE_METHOD_MATCH = YES;
				"CODE_SIGN_IDENTITY[sdk=iphoneos*]" = "iPhone Developer";
				COPY_PHASE_STRIP = NO;
				DEBUG_INFORMATION_FORMAT = "dwarf-with-dsym";
				ENABLE_STRICT_OBJC_MSGSEND = YES;
				GCC_C_LANGUAGE_STANDARD = gnu99;
				GCC_DYNAMIC_NO_PIC = NO;
				GCC_NO_COMMON_BLOCKS = YES;
				GCC_OPTIMIZATION_LEVEL = 0;
				GCC_PREPROCESSOR_DEFINITIONS = (
					"DEBUG=1",
					"$(inherited)",
				);
				GCC_SYMBOLS_PRIVATE_EXTERN = NO;
				GCC_WARN_64_TO_32_BIT_CONVERSION = YES;
				GCC_WARN_ABOUT_RETURN_TYPE = YES_ERROR;
				GCC_WARN_UNDECLARED_SELECTOR = YES;
				GCC_WARN_UNINITIALIZED_AUTOS = YES_AGGRESSIVE;
				GCC_WARN_UNUSED_FUNCTION = YES;
				GCC_WARN_UNUSED_VARIABLE = YES;
				IPHONEOS_DEPLOYMENT_TARGET = 8.4;
				MTL_ENABLE_DEBUG_INFO = YES;
				ONLY_ACTIVE_ARCH = YES;
				SDKROOT = iphoneos;
				SWIFT_OPTIMIZATION_LEVEL = "-Onone";
				TARGETED_DEVICE_FAMILY = "1,2";
			};
			name = Debug;
		};
		A3A14F231BA5E7B50041D71D /* Release */ = {
			isa = XCBuildConfiguration;
			buildSettings = {
				ALWAYS_SEARCH_USER_PATHS = NO;
				CLANG_CXX_LANGUAGE_STANDARD = "gnu++0x";
				CLANG_CXX_LIBRARY = "libc++";
				CLANG_ENABLE_MODULES = YES;
				CLANG_ENABLE_OBJC_ARC = YES;
				CLANG_WARN_BOOL_CONVERSION = YES;
				CLANG_WARN_CONSTANT_CONVERSION = YES;
				CLANG_WARN_DIRECT_OBJC_ISA_USAGE = YES_ERROR;
				CLANG_WARN_EMPTY_BODY = YES;
				CLANG_WARN_ENUM_CONVERSION = YES;
				CLANG_WARN_INT_CONVERSION = YES;
				CLANG_WARN_OBJC_ROOT_CLASS = YES_ERROR;
				CLANG_WARN_UNREACHABLE_CODE = YES;
				CLANG_WARN__DUPLICATE_METHOD_MATCH = YES;
				"CODE_SIGN_IDENTITY[sdk=iphoneos*]" = "iPhone Developer";
				COPY_PHASE_STRIP = NO;
				DEBUG_INFORMATION_FORMAT = "dwarf-with-dsym";
				ENABLE_NS_ASSERTIONS = NO;
				ENABLE_STRICT_OBJC_MSGSEND = YES;
				GCC_C_LANGUAGE_STANDARD = gnu99;
				GCC_NO_COMMON_BLOCKS = YES;
				GCC_WARN_64_TO_32_BIT_CONVERSION = YES;
				GCC_WARN_ABOUT_RETURN_TYPE = YES_ERROR;
				GCC_WARN_UNDECLARED_SELECTOR = YES;
				GCC_WARN_UNINITIALIZED_AUTOS = YES_AGGRESSIVE;
				GCC_WARN_UNUSED_FUNCTION = YES;
				GCC_WARN_UNUSED_VARIABLE = YES;
				IPHONEOS_DEPLOYMENT_TARGET = 8.4;
				MTL_ENABLE_DEBUG_INFO = NO;
				SDKROOT = iphoneos;
				TARGETED_DEVICE_FAMILY = "1,2";
				VALIDATE_PRODUCT = YES;
			};
			name = Release;
		};
		A3A14F251BA5E7B50041D71D /* Debug */ = {
			isa = XCBuildConfiguration;
			buildSettings = {
				ASSETCATALOG_COMPILER_APPICON_NAME = AppIcon;
				CODE_SIGN_IDENTITY = "iPhone Developer";
				INFOPLIST_FILE = AndroidScroll/Info.plist;
				IPHONEOS_DEPLOYMENT_TARGET = 8.1;
				LD_RUNPATH_SEARCH_PATHS = "$(inherited) @executable_path/Frameworks";
				PRODUCT_NAME = "$(TARGET_NAME)";
			};
			name = Debug;
		};
		A3A14F261BA5E7B50041D71D /* Release */ = {
			isa = XCBuildConfiguration;
			buildSettings = {
				ASSETCATALOG_COMPILER_APPICON_NAME = AppIcon;
				CODE_SIGN_IDENTITY = "iPhone Developer";
				INFOPLIST_FILE = AndroidScroll/Info.plist;
				IPHONEOS_DEPLOYMENT_TARGET = 8.1;
				LD_RUNPATH_SEARCH_PATHS = "$(inherited) @executable_path/Frameworks";
				PRODUCT_NAME = "$(TARGET_NAME)";
			};
			name = Release;
		};
		A3A14F281BA5E7B50041D71D /* Debug */ = {
			isa = XCBuildConfiguration;
			buildSettings = {
				BUNDLE_LOADER = "$(TEST_HOST)";
				FRAMEWORK_SEARCH_PATHS = (
					"$(SDKROOT)/Developer/Library/Frameworks",
					"$(inherited)",
				);
				GCC_PREPROCESSOR_DEFINITIONS = (
					"DEBUG=1",
					"$(inherited)",
				);
				INFOPLIST_FILE = AndroidScrollTests/Info.plist;
				LD_RUNPATH_SEARCH_PATHS = "$(inherited) @executable_path/Frameworks @loader_path/Frameworks";
				PRODUCT_NAME = "$(TARGET_NAME)";
				TEST_HOST = "$(BUILT_PRODUCTS_DIR)/AndroidScroll.app/AndroidScroll";
			};
			name = Debug;
		};
		A3A14F291BA5E7B50041D71D /* Release */ = {
			isa = XCBuildConfiguration;
			buildSettings = {
				BUNDLE_LOADER = "$(TEST_HOST)";
				FRAMEWORK_SEARCH_PATHS = (
					"$(SDKROOT)/Developer/Library/Frameworks",
					"$(inherited)",
				);
				INFOPLIST_FILE = AndroidScrollTests/Info.plist;
				LD_RUNPATH_SEARCH_PATHS = "$(inherited) @executable_path/Frameworks @loader_path/Frameworks";
				PRODUCT_NAME = "$(TARGET_NAME)";
				TEST_HOST = "$(BUILT_PRODUCTS_DIR)/AndroidScroll.app/AndroidScroll";
			};
			name = Release;
		};
/* End XCBuildConfiguration section */

/* Begin XCConfigurationList section */
		A3A14EFD1BA5E7B50041D71D /* Build configuration list for PBXProject "AndroidScroll" */ = {
			isa = XCConfigurationList;
			buildConfigurations = (
				A3A14F221BA5E7B50041D71D /* Debug */,
				A3A14F231BA5E7B50041D71D /* Release */,
			);
			defaultConfigurationIsVisible = 0;
			defaultConfigurationName = Release;
		};
		A3A14F241BA5E7B50041D71D /* Build configuration list for PBXNativeTarget "AndroidScroll" */ = {
			isa = XCConfigurationList;
			buildConfigurations = (
				A3A14F251BA5E7B50041D71D /* Debug */,
				A3A14F261BA5E7B50041D71D /* Release */,
			);
			defaultConfigurationIsVisible = 0;
		};
		A3A14F271BA5E7B50041D71D /* Build configuration list for PBXNativeTarget "AndroidScrollTests" */ = {
			isa = XCConfigurationList;
			buildConfigurations = (
				A3A14F281BA5E7B50041D71D /* Debug */,
				A3A14F291BA5E7B50041D71D /* Release */,
			);
			defaultConfigurationIsVisible = 0;
		};
/* End XCConfigurationList section */

/* Begin XCVersionGroup section */
		A3A14F091BA5E7B50041D71D /* AndroidScroll.xcdatamodeld */ = {
			isa = XCVersionGroup;
			children = (
				A3A14F0A1BA5E7B50041D71D /* AndroidScroll.xcdatamodel */,
			);
			currentVersion = A3A14F0A1BA5E7B50041D71D /* AndroidScroll.xcdatamodel */;
			path = AndroidScroll.xcdatamodeld;
			sourceTree = "<group>";
			versionGroupType = wrapper.xcdatamodel;
		};
/* End XCVersionGroup section */
	};
	rootObject = A3A14EFA1BA5E7B50041D71D /* Project object */;
}
